
Microsoft Visual Studio Solution File, Format Version 12.00
# Visual Studio Version 17
VisualStudioVersion = 17.7.34202.233
MinimumVisualStudioVersion = 10.0.40219.1
Project("{9A19103F-16F7-4668-BE54-9A1E7A4F7556}") = "EtiqaAssessment.API", "EtiqaAssessment\EtiqaAssessment.API.csproj", "{711AD693-F895-492F-B697-E961C3712DDD}"
EndProject
Project("{9A19103F-16F7-4668-BE54-9A1E7A4F7556}") = "Etiqa.Application", "Etiqa.Application\Etiqa.Application.csproj", "{D1B25B54-85CD-48D0-87A1-F225004B8BA2}"
EndProject
Global
	GlobalSection(SolutionConfigurationPlatforms) = preSolution
		Debug|Any CPU = Debug|Any CPU
		Release|Any CPU = Release|Any CPU
	EndGlobalSection
	GlobalSection(ProjectConfigurationPlatforms) = postSolution
		{711AD693-F895-492F-B697-E961C3712DDD}.Debug|Any CPU.ActiveCfg = Debug|Any CPU
		{711AD693-F895-492F-B697-E961C3712DDD}.Debug|Any CPU.Build.0 = Debug|Any CPU
		{711AD693-F895-492F-B697-E961C3712DDD}.Release|Any CPU.ActiveCfg = Release|Any CPU
		{711AD693-F895-492F-B697-E961C3712DDD}.Release|Any CPU.Build.0 = Release|Any CPU
		{D1B25B54-85CD-48D0-87A1-F225004B8BA2}.Debug|Any CPU.ActiveCfg = Debug|Any CPU
		{D1B25B54-85CD-48D0-87A1-F225004B8BA2}.Debug|Any CPU.Build.0 = Debug|Any CPU
		{D1B25B54-85CD-48D0-87A1-F225004B8BA2}.Release|Any CPU.ActiveCfg = Release|Any CPU
		{D1B25B54-85CD-48D0-87A1-F225004B8BA2}.Release|Any CPU.Build.0 = Release|Any CPU
	EndGlobalSection
	GlobalSection(SolutionProperties) = preSolution
		HideSolutionNode = FALSE
	EndGlobalSection
	GlobalSection(ExtensibilityGlobals) = postSolution
		SolutionGuid = {9B795F60-4A92-49ED-BFFB-78300F38F84D}
	EndGlobalSection
EndGlobal
